
Microsoft Visual Studio Solution File, Format Version 12.00
# Visual Studio Version 17
VisualStudioVersion = 17.6.33815.320
MinimumVisualStudioVersion = 10.0.40219.1
Project("{FAE04EC0-301F-11D3-BF4B-00C04F79EFBC}") = "checkupdate", "checkupdate\checkupdate.csproj", "{60ECE749-1DE3-4A38-B476-D2797938FDA9}"
EndProject
Global
	GlobalSection(SolutionConfigurationPlatforms) = preSolution
		Debug|Any CPU = Debug|Any CPU
		Release|Any CPU = Release|Any CPU
	EndGlobalSection
	GlobalSection(ProjectConfigurationPlatforms) = postSolution
		{60ECE749-1DE3-4A38-B476-D2797938FDA9}.Debug|Any CPU.ActiveCfg = Debug|Any CPU
		{60ECE749-1DE3-4A38-B476-D2797938FDA9}.Debug|Any CPU.Build.0 = Debug|Any CPU
		{60ECE749-1DE3-4A38-B476-D2797938FDA9}.Release|Any CPU.ActiveCfg = Release|Any CPU
		{60ECE749-1DE3-4A38-B476-D2797938FDA9}.Release|Any CPU.Build.0 = Release|Any CPU
	EndGlobalSection
	GlobalSection(SolutionProperties) = preSolution
		HideSolutionNode = FALSE
	EndGlobalSection
	GlobalSection(ExtensibilityGlobals) = postSolution
		SolutionGuid = {A1F76FE8-367A-4AF7-A003-2504EE752E56}
	EndGlobalSection
EndGlobal
